
Microsoft Visual Studio Solution File, Format Version 12.00
# Visual Studio Version 16
VisualStudioVersion = 16.0.31129.286
MinimumVisualStudioVersion = 10.0.40219.1
Project("{FAE04EC0-301F-11D3-BF4B-00C04F79EFBC}") = "LR_SERVER", "LR_SERVER.csproj", "{489DF20C-BA38-43E4-A536-1072BF94041C}"
EndProject
Project("{FAE04EC0-301F-11D3-BF4B-00C04F79EFBC}") = "MyLib", "..\MyLib\MyLib.csproj", "{9819EF57-3BAF-4D8B-B5AD-A375D74C4081}"
EndProject
Global
	GlobalSection(SolutionConfigurationPlatforms) = preSolution
		Debug|Any CPU = Debug|Any CPU
		Release|Any CPU = Release|Any CPU
	EndGlobalSection
	GlobalSection(ProjectConfigurationPlatforms) = postSolution
		{489DF20C-BA38-43E4-A536-1072BF94041C}.Debug|Any CPU.ActiveCfg = Debug|Any CPU
		{489DF20C-BA38-43E4-A536-1072BF94041C}.Debug|Any CPU.Build.0 = Debug|Any CPU
		{489DF20C-BA38-43E4-A536-1072BF94041C}.Release|Any CPU.ActiveCfg = Release|Any CPU
		{489DF20C-BA38-43E4-A536-1072BF94041C}.Release|Any CPU.Build.0 = Release|Any CPU
		{9819EF57-3BAF-4D8B-B5AD-A375D74C4081}.Debug|Any CPU.ActiveCfg = Debug|Any CPU
		{9819EF57-3BAF-4D8B-B5AD-A375D74C4081}.Debug|Any CPU.Build.0 = Debug|Any CPU
		{9819EF57-3BAF-4D8B-B5AD-A375D74C4081}.Release|Any CPU.ActiveCfg = Release|Any CPU
		{9819EF57-3BAF-4D8B-B5AD-A375D74C4081}.Release|Any CPU.Build.0 = Release|Any CPU
	EndGlobalSection
	GlobalSection(SolutionProperties) = preSolution
		HideSolutionNode = FALSE
	EndGlobalSection
	GlobalSection(ExtensibilityGlobals) = postSolution
		SolutionGuid = {1738003D-81F0-4DA3-A27B-DC5B7B9FB020}
	EndGlobalSection
EndGlobal
